
Microsoft Visual Studio Solution File, Format Version 12.00
# Visual Studio Version 17
VisualStudioVersion = 17.8.34511.84
MinimumVisualStudioVersion = 10.0.40219.1
Project("{9A19103F-16F7-4668-BE54-9A1E7A4F7556}") = "RTD_DataViewer", "RTD_DataViewer.csproj", "{A8672A69-92C5-431F-9B67-229DD3004B7D}"
EndProject
Project("{9A19103F-16F7-4668-BE54-9A1E7A4F7556}") = "CustomUtills", "..\CustomUtills\CustomUtills.csproj", "{1BA5E750-1546-41E6-9413-17BE73D6F24E}"
EndProject
Project("{9A19103F-16F7-4668-BE54-9A1E7A4F7556}") = "DBManagement", "..\DBManagement\DBManagement.csproj", "{32F15948-DFDE-4C6B-B184-6732E2042596}"
EndProject
Project("{9A19103F-16F7-4668-BE54-9A1E7A4F7556}") = "UserWinfromControl", "..\UserWinfromControl\UserWinfromControl.csproj", "{5F0EBCDD-D271-407A-89E7-DFC7DABF1359}"
EndProject
Project("{9A19103F-16F7-4668-BE54-9A1E7A4F7556}") = "XmlManagement", "..\XmlManagement\XmlManagement.csproj", "{58F7B909-E27E-470B-981B-5EF692F662B8}"
EndProject
Global
	GlobalSection(SolutionConfigurationPlatforms) = preSolution
		Debug|Any CPU = Debug|Any CPU
		Release|Any CPU = Release|Any CPU
	EndGlobalSection
	GlobalSection(ProjectConfigurationPlatforms) = postSolution
		{A8672A69-92C5-431F-9B67-229DD3004B7D}.Debug|Any CPU.ActiveCfg = Debug|Any CPU
		{A8672A69-92C5-431F-9B67-229DD3004B7D}.Debug|Any CPU.Build.0 = Debug|Any CPU
		{A8672A69-92C5-431F-9B67-229DD3004B7D}.Release|Any CPU.ActiveCfg = Release|Any CPU
		{A8672A69-92C5-431F-9B67-229DD3004B7D}.Release|Any CPU.Build.0 = Release|Any CPU
		{1BA5E750-1546-41E6-9413-17BE73D6F24E}.Debug|Any CPU.ActiveCfg = Debug|Any CPU
		{1BA5E750-1546-41E6-9413-17BE73D6F24E}.Debug|Any CPU.Build.0 = Debug|Any CPU
		{1BA5E750-1546-41E6-9413-17BE73D6F24E}.Release|Any CPU.ActiveCfg = Release|Any CPU
		{1BA5E750-1546-41E6-9413-17BE73D6F24E}.Release|Any CPU.Build.0 = Release|Any CPU
		{32F15948-DFDE-4C6B-B184-6732E2042596}.Debug|Any CPU.ActiveCfg = Debug|Any CPU
		{32F15948-DFDE-4C6B-B184-6732E2042596}.Debug|Any CPU.Build.0 = Debug|Any CPU
		{32F15948-DFDE-4C6B-B184-6732E2042596}.Release|Any CPU.ActiveCfg = Release|Any CPU
		{32F15948-DFDE-4C6B-B184-6732E2042596}.Release|Any CPU.Build.0 = Release|Any CPU
		{5F0EBCDD-D271-407A-89E7-DFC7DABF1359}.Debug|Any CPU.ActiveCfg = Debug|Any CPU
		{5F0EBCDD-D271-407A-89E7-DFC7DABF1359}.Debug|Any CPU.Build.0 = Debug|Any CPU
		{5F0EBCDD-D271-407A-89E7-DFC7DABF1359}.Release|Any CPU.ActiveCfg = Release|Any CPU
		{5F0EBCDD-D271-407A-89E7-DFC7DABF1359}.Release|Any CPU.Build.0 = Release|Any CPU
		{58F7B909-E27E-470B-981B-5EF692F662B8}.Debug|Any CPU.ActiveCfg = Debug|Any CPU
		{58F7B909-E27E-470B-981B-5EF692F662B8}.Debug|Any CPU.Build.0 = Debug|Any CPU
		{58F7B909-E27E-470B-981B-5EF692F662B8}.Release|Any CPU.ActiveCfg = Release|Any CPU
		{58F7B909-E27E-470B-981B-5EF692F662B8}.Release|Any CPU.Build.0 = Release|Any CPU
	EndGlobalSection
	GlobalSection(SolutionProperties) = preSolution
		HideSolutionNode = FALSE
	EndGlobalSection
	GlobalSection(ExtensibilityGlobals) = postSolution
		SolutionGuid = {26196500-70B2-4569-BD92-546E825FD608}
	EndGlobalSection
EndGlobal
